
Microsoft Visual Studio Solution File, Format Version 12.00
# Visual Studio 2012
Project("{FAE04EC0-301F-11D3-BF4B-00C04F79EFBC}") = "SwiftyWebApp", "SwiftyWebApp\SwiftyWebApp.csproj", "{08CB3753-3915-4470-A7EE-C4DC5A704F0E}"
EndProject
Project("{CC5FD16D-436D-48AD-A40C-5A424C6E3E79}") = "SwiftyWebRole", "SwiftyWebRole\SwiftyWebRole.ccproj", "{05BE0C23-3B90-466F-B3D0-E8109875DD0A}"
EndProject
Project("{FAE04EC0-301F-11D3-BF4B-00C04F79EFBC}") = "SwiftyWCFServiceWebRole", "SwiftyWCFServiceWebRole\SwiftyWCFServiceWebRole.csproj", "{99B4E41C-05FD-4A81-8635-A2FFCE296EFE}"
EndProject
Global
	GlobalSection(SolutionConfigurationPlatforms) = preSolution
		Debug|Any CPU = Debug|Any CPU
		Release|Any CPU = Release|Any CPU
	EndGlobalSection
	GlobalSection(ProjectConfigurationPlatforms) = postSolution
		{08CB3753-3915-4470-A7EE-C4DC5A704F0E}.Debug|Any CPU.ActiveCfg = Debug|Any CPU
		{08CB3753-3915-4470-A7EE-C4DC5A704F0E}.Debug|Any CPU.Build.0 = Debug|Any CPU
		{08CB3753-3915-4470-A7EE-C4DC5A704F0E}.Release|Any CPU.ActiveCfg = Release|Any CPU
		{08CB3753-3915-4470-A7EE-C4DC5A704F0E}.Release|Any CPU.Build.0 = Release|Any CPU
		{05BE0C23-3B90-466F-B3D0-E8109875DD0A}.Debug|Any CPU.ActiveCfg = Debug|Any CPU
		{05BE0C23-3B90-466F-B3D0-E8109875DD0A}.Debug|Any CPU.Build.0 = Debug|Any CPU
		{05BE0C23-3B90-466F-B3D0-E8109875DD0A}.Release|Any CPU.ActiveCfg = Release|Any CPU
		{05BE0C23-3B90-466F-B3D0-E8109875DD0A}.Release|Any CPU.Build.0 = Release|Any CPU
		{99B4E41C-05FD-4A81-8635-A2FFCE296EFE}.Debug|Any CPU.ActiveCfg = Debug|Any CPU
		{99B4E41C-05FD-4A81-8635-A2FFCE296EFE}.Debug|Any CPU.Build.0 = Debug|Any CPU
		{99B4E41C-05FD-4A81-8635-A2FFCE296EFE}.Release|Any CPU.ActiveCfg = Release|Any CPU
		{99B4E41C-05FD-4A81-8635-A2FFCE296EFE}.Release|Any CPU.Build.0 = Release|Any CPU
	EndGlobalSection
	GlobalSection(SolutionProperties) = preSolution
		HideSolutionNode = FALSE
	EndGlobalSection
EndGlobal
